PODS:
  - Flutter (1.0.0)
  - integration_test (0.0.1):
    - Flutter
  - volume_listener (0.0.1):
    - Flutter

DEPENDENCIES:
  - Flutter (from `Flutter`)
  - integration_test (from `.symlinks/plugins/integration_test/ios`)
  - volume_listener (from `.symlinks/plugins/volume_listener/ios`)

EXTERNAL SOURCES:
  Flutter:
    :path: Flutter
  integration_test:
    :path: ".symlinks/plugins/integration_test/ios"
  volume_listener:
    :path: ".symlinks/plugins/volume_listener/ios"

SPEC CHECKSUMS:
  Flutter: e0871f40cf51350855a761d2e70bf5af5b9b5de7
  integration_test: 4a889634ef21a45d28d50d622cf412dc6d9f586e
  volume_listener: 799951e92aa968b36364870ec4f70b81c0a92c16

PODFILE CHECKSUM: 819463e6a0290f5a72f145ba7cde16e8b6ef0796

COCOAPODS: 1.16.2
